
Microsoft Visual Studio Solution File, Format Version 12.00
# Visual Studio 15
VisualStudioVersion = 15.0.28010.2046
MinimumVisualStudioVersion = 10.0.40219.1
Project("{FAE04EC0-301F-11D3-BF4B-00C04F79EFBC}") = "linq_wpf", "linq_wpf\linq_wpf.csproj", "{AB9522AA-AF02-40D4-919C-0B5369CADEA5}"
EndProject
Global
	GlobalSection(SolutionConfigurationPlatforms) = preSolution
		Debug|Any CPU = Debug|Any CPU
		Release|Any CPU = Release|Any CPU
	EndGlobalSection
	GlobalSection(ProjectConfigurationPlatforms) = postSolution
		{AB9522AA-AF02-40D4-919C-0B5369CADEA5}.Debug|Any CPU.ActiveCfg = Debug|Any CPU
		{AB9522AA-AF02-40D4-919C-0B5369CADEA5}.Debug|Any CPU.Build.0 = Debug|Any CPU
		{AB9522AA-AF02-40D4-919C-0B5369CADEA5}.Release|Any CPU.ActiveCfg = Release|Any CPU
		{AB9522AA-AF02-40D4-919C-0B5369CADEA5}.Release|Any CPU.Build.0 = Release|Any CPU
	EndGlobalSection
	GlobalSection(SolutionProperties) = preSolution
		HideSolutionNode = FALSE
	EndGlobalSection
	GlobalSection(ExtensibilityGlobals) = postSolution
		SolutionGuid = {84CE5DF0-8AEF-40BC-8C8B-E6300BA12C60}
	EndGlobalSection
EndGlobal
